
Microsoft Visual Studio Solution File, Format Version 12.00
# Visual Studio 15
VisualStudioVersion = 15.0.28307.1259
MinimumVisualStudioVersion = 10.0.40219.1
Project("{FAE04EC0-301F-11D3-BF4B-00C04F79EFBC}") = "FloatingPoint", "FloatingPoint\FloatingPoint.csproj", "{05C3E54F-DA68-4E00-BF8D-9EAB7207F56C}"
EndProject
Global
	GlobalSection(SolutionConfigurationPlatforms) = preSolution
		Debug|Any CPU = Debug|Any CPU
		Release|Any CPU = Release|Any CPU
	EndGlobalSection
	GlobalSection(ProjectConfigurationPlatforms) = postSolution
		{05C3E54F-DA68-4E00-BF8D-9EAB7207F56C}.Debug|Any CPU.ActiveCfg = Debug|Any CPU
		{05C3E54F-DA68-4E00-BF8D-9EAB7207F56C}.Debug|Any CPU.Build.0 = Debug|Any CPU
		{05C3E54F-DA68-4E00-BF8D-9EAB7207F56C}.Release|Any CPU.ActiveCfg = Release|Any CPU
		{05C3E54F-DA68-4E00-BF8D-9EAB7207F56C}.Release|Any CPU.Build.0 = Release|Any CPU
	EndGlobalSection
	GlobalSection(SolutionProperties) = preSolution
		HideSolutionNode = FALSE
	EndGlobalSection
	GlobalSection(ExtensibilityGlobals) = postSolution
		SolutionGuid = {5E950882-BAF0-4CC0-84C7-3F5D2DB0148E}
	EndGlobalSection
EndGlobal
