
Microsoft Visual Studio Solution File, Format Version 12.00
# Visual Studio 15
VisualStudioVersion = 15.0.28307.1259
MinimumVisualStudioVersion = 10.0.40219.1
Project("{FAE04EC0-301F-11D3-BF4B-00C04F79EFBC}") = "String", "String\String.csproj", "{4F572203-6AA2-42EA-A11B-A978B7EAAB45}"
EndProject
Global
	GlobalSection(SolutionConfigurationPlatforms) = preSolution
		Debug|Any CPU = Debug|Any CPU
		Release|Any CPU = Release|Any CPU
	EndGlobalSection
	GlobalSection(ProjectConfigurationPlatforms) = postSolution
		{4F572203-6AA2-42EA-A11B-A978B7EAAB45}.Debug|Any CPU.ActiveCfg = Debug|Any CPU
		{4F572203-6AA2-42EA-A11B-A978B7EAAB45}.Debug|Any CPU.Build.0 = Debug|Any CPU
		{4F572203-6AA2-42EA-A11B-A978B7EAAB45}.Release|Any CPU.ActiveCfg = Release|Any CPU
		{4F572203-6AA2-42EA-A11B-A978B7EAAB45}.Release|Any CPU.Build.0 = Release|Any CPU
	EndGlobalSection
	GlobalSection(SolutionProperties) = preSolution
		HideSolutionNode = FALSE
	EndGlobalSection
	GlobalSection(ExtensibilityGlobals) = postSolution
		SolutionGuid = {4B685F72-99AF-4102-B7D2-751938EDAE7A}
	EndGlobalSection
EndGlobal
