
Microsoft Visual Studio Solution File, Format Version 12.00
# Visual Studio 15
VisualStudioVersion = 15.0.28307.1259
MinimumVisualStudioVersion = 10.0.40219.1
Project("{FAE04EC0-301F-11D3-BF4B-00C04F79EFBC}") = "MainApp.cs", "MainApp.cs\MainApp.cs.csproj", "{97794369-68BC-41D2-973D-4BC89A6E132D}"
EndProject
Global
	GlobalSection(SolutionConfigurationPlatforms) = preSolution
		Debug|Any CPU = Debug|Any CPU
		Release|Any CPU = Release|Any CPU
	EndGlobalSection
	GlobalSection(ProjectConfigurationPlatforms) = postSolution
		{97794369-68BC-41D2-973D-4BC89A6E132D}.Debug|Any CPU.ActiveCfg = Debug|Any CPU
		{97794369-68BC-41D2-973D-4BC89A6E132D}.Debug|Any CPU.Build.0 = Debug|Any CPU
		{97794369-68BC-41D2-973D-4BC89A6E132D}.Release|Any CPU.ActiveCfg = Release|Any CPU
		{97794369-68BC-41D2-973D-4BC89A6E132D}.Release|Any CPU.Build.0 = Release|Any CPU
	EndGlobalSection
	GlobalSection(SolutionProperties) = preSolution
		HideSolutionNode = FALSE
	EndGlobalSection
	GlobalSection(ExtensibilityGlobals) = postSolution
		SolutionGuid = {EB4607D9-BC23-429C-816F-DCBC384C99DE}
	EndGlobalSection
EndGlobal
