
Microsoft Visual Studio Solution File, Format Version 12.00
# Visual Studio 15
VisualStudioVersion = 15.0.28307.1259
MinimumVisualStudioVersion = 10.0.40219.1
Project("{FAE04EC0-301F-11D3-BF4B-00C04F79EFBC}") = "Test4", "Test4\Test4.csproj", "{71A09AF0-A82E-4BC2-9A96-F4D70B30FFB3}"
EndProject
Global
	GlobalSection(SolutionConfigurationPlatforms) = preSolution
		Debug|Any CPU = Debug|Any CPU
		Release|Any CPU = Release|Any CPU
	EndGlobalSection
	GlobalSection(ProjectConfigurationPlatforms) = postSolution
		{71A09AF0-A82E-4BC2-9A96-F4D70B30FFB3}.Debug|Any CPU.ActiveCfg = Debug|Any CPU
		{71A09AF0-A82E-4BC2-9A96-F4D70B30FFB3}.Debug|Any CPU.Build.0 = Debug|Any CPU
		{71A09AF0-A82E-4BC2-9A96-F4D70B30FFB3}.Release|Any CPU.ActiveCfg = Release|Any CPU
		{71A09AF0-A82E-4BC2-9A96-F4D70B30FFB3}.Release|Any CPU.Build.0 = Release|Any CPU
	EndGlobalSection
	GlobalSection(SolutionProperties) = preSolution
		HideSolutionNode = FALSE
	EndGlobalSection
	GlobalSection(ExtensibilityGlobals) = postSolution
		SolutionGuid = {DA2313E0-0F3A-49A0-897A-B6DB7C385112}
	EndGlobalSection
EndGlobal
