
Microsoft Visual Studio Solution File, Format Version 12.00
# Visual Studio 15
VisualStudioVersion = 15.0.28307.1259
MinimumVisualStudioVersion = 10.0.40219.1
Project("{FAE04EC0-301F-11D3-BF4B-00C04F79EFBC}") = "StringConcatenate", "StringConcatenate\StringConcatenate.csproj", "{647E0812-C5FE-4863-BB54-E1543AECD318}"
EndProject
Global
	GlobalSection(SolutionConfigurationPlatforms) = preSolution
		Debug|Any CPU = Debug|Any CPU
		Release|Any CPU = Release|Any CPU
	EndGlobalSection
	GlobalSection(ProjectConfigurationPlatforms) = postSolution
		{647E0812-C5FE-4863-BB54-E1543AECD318}.Debug|Any CPU.ActiveCfg = Debug|Any CPU
		{647E0812-C5FE-4863-BB54-E1543AECD318}.Debug|Any CPU.Build.0 = Debug|Any CPU
		{647E0812-C5FE-4863-BB54-E1543AECD318}.Release|Any CPU.ActiveCfg = Release|Any CPU
		{647E0812-C5FE-4863-BB54-E1543AECD318}.Release|Any CPU.Build.0 = Release|Any CPU
	EndGlobalSection
	GlobalSection(SolutionProperties) = preSolution
		HideSolutionNode = FALSE
	EndGlobalSection
	GlobalSection(ExtensibilityGlobals) = postSolution
		SolutionGuid = {CACA0258-EE3E-44FF-B25D-CA3C25A92DF5}
	EndGlobalSection
EndGlobal
